{
	"name": "github-vscode-theme",
	"version": "0.2.2",
	"lockfileVersion": 1,
	"requires": true,
	"dependencies": {
		"@primer/primitives": {
			"version": "2.0.1",
			"resolved": "https://registry.npmjs.org/@primer/primitives/-/primitives-2.0.1.tgz",
			"integrity": "sha512-1zMGwqAfeTU3bOcsxzVgJlCPKTeDtDIP3h+Hm7qTvU0ez/87WZqjLKY6Jl7EBp9WH5VSm+LNwo56KfajInd3/w==",
			"dev": true
		}
	}
}
